
Microsoft Visual Studio Solution File, Format Version 12.00
# Visual Studio Version 17
VisualStudioVersion = 17.0.31903.59
MinimumVisualStudioVersion = 10.0.40219.1
Project("{FAE04EC0-301F-11D3-BF4B-00C04F79EFBC}") = "StringLibrary", "StringLibrary\StringLibrary.csproj", "{7BA9938B-04D1-49AF-BE16-08F969EAA917}"
EndProject
Project("{FAE04EC0-301F-11D3-BF4B-00C04F79EFBC}") = "ShowCase", "ShowCase\ShowCase.csproj", "{4DD70669-C414-4B3E-8607-8333AD6F69C3}"
EndProject
Global
	GlobalSection(SolutionConfigurationPlatforms) = preSolution
		Debug|Any CPU = Debug|Any CPU
		Release|Any CPU = Release|Any CPU
	EndGlobalSection
	GlobalSection(SolutionProperties) = preSolution
		HideSolutionNode = FALSE
	EndGlobalSection
	GlobalSection(ProjectConfigurationPlatforms) = postSolution
		{7BA9938B-04D1-49AF-BE16-08F969EAA917}.Debug|Any CPU.ActiveCfg = Debug|Any CPU
		{7BA9938B-04D1-49AF-BE16-08F969EAA917}.Debug|Any CPU.Build.0 = Debug|Any CPU
		{7BA9938B-04D1-49AF-BE16-08F969EAA917}.Release|Any CPU.ActiveCfg = Release|Any CPU
		{7BA9938B-04D1-49AF-BE16-08F969EAA917}.Release|Any CPU.Build.0 = Release|Any CPU
		{4DD70669-C414-4B3E-8607-8333AD6F69C3}.Debug|Any CPU.ActiveCfg = Debug|Any CPU
		{4DD70669-C414-4B3E-8607-8333AD6F69C3}.Debug|Any CPU.Build.0 = Debug|Any CPU
		{4DD70669-C414-4B3E-8607-8333AD6F69C3}.Release|Any CPU.ActiveCfg = Release|Any CPU
		{4DD70669-C414-4B3E-8607-8333AD6F69C3}.Release|Any CPU.Build.0 = Release|Any CPU
	EndGlobalSection
EndGlobal
